{
  "name": "haxe-format-vox-examples-js",
  "requires": true,
  "lockfileVersion": 1,
  "dependencies": {
    "@sh-dave/format-vox": {
      "version": "0.1.5",
      "resolved": "https://registry.npmjs.org/@sh-dave/format-vox/-/format-vox-0.1.5.tgz",
      "integrity": "sha512-RvYyRfPNzJ+qfxzXnHI3HgVmiaqOiXNb/vmKjxthuhYXt+17GM9pTiU/6L+kTKylIKZGVi2xnPtL91BOl5Ty8Q=="
    }
  }
}
