{
  "name": "haxe-format-vox-examples-js",
  "requires": true,
  "lockfileVersion": 1,
  "dependencies": {
    "@sh-dave/format-vox": {
      "version": "0.1.4",
      "resolved": "https://registry.npmjs.org/@sh-dave/format-vox/-/format-vox-0.1.4.tgz",
      "integrity": "sha512-xznUESN0JAucWsWzj2oqTHsRNn15Zy/TRMrIbWJWO6ePSWdLp4/fNx617IK0HIPc5BalXnJRPzstXJGgEHYVzA=="
    }
  }
}
